
Microsoft Visual Studio Solution File, Format Version 12.00
# Visual Studio Version 17
VisualStudioVersion = 17.2.32519.379
MinimumVisualStudioVersion = 10.0.40219.1
Project("{FAE04EC0-301F-11D3-BF4B-00C04F79EFBC}") = "ODM", "ODM\ODM.csproj", "{77C679E3-C922-42CF-A551-006D88937739}"
EndProject
Global
	GlobalSection(SolutionConfigurationPlatforms) = preSolution
		Debug|Any CPU = Debug|Any CPU
		Release|Any CPU = Release|Any CPU
	EndGlobalSection
	GlobalSection(ProjectConfigurationPlatforms) = postSolution
		{77C679E3-C922-42CF-A551-006D88937739}.Debug|Any CPU.ActiveCfg = Debug|Any CPU
		{77C679E3-C922-42CF-A551-006D88937739}.Debug|Any CPU.Build.0 = Debug|Any CPU
		{77C679E3-C922-42CF-A551-006D88937739}.Release|Any CPU.ActiveCfg = Release|Any CPU
		{77C679E3-C922-42CF-A551-006D88937739}.Release|Any CPU.Build.0 = Release|Any CPU
	EndGlobalSection
	GlobalSection(SolutionProperties) = preSolution
		HideSolutionNode = FALSE
	EndGlobalSection
	GlobalSection(ExtensibilityGlobals) = postSolution
		SolutionGuid = {EB592A44-675B-4952-BE46-B1DB11D9D3FF}
	EndGlobalSection
EndGlobal
